
Microsoft Visual Studio Solution File, Format Version 12.00
# Visual Studio Version 17
VisualStudioVersion = 17.4.33213.308
MinimumVisualStudioVersion = 10.0.40219.1
Project("{8BC9CEB8-8B4A-11D0-8D11-00A0C91BC942}") = "Cocoader", "Cocoader\Cocoader.vcxproj", "{BA780F8E-4A0E-4B1F-A365-959B090C8CFB}"
EndProject
Global
	GlobalSection(SolutionConfigurationPlatforms) = preSolution
		Debug|ARM = Debug|ARM
		Debug|ARM64 = Debug|ARM64
		Debug|x64 = Debug|x64
		Debug|x86 = Debug|x86
		Release|ARM = Release|ARM
		Release|ARM64 = Release|ARM64
		Release|x64 = Release|x64
		Release|x86 = Release|x86
	EndGlobalSection
	GlobalSection(ProjectConfigurationPlatforms) = postSolution
		{BA780F8E-4A0E-4B1F-A365-959B090C8CFB}.Debug|ARM.ActiveCfg = Debug|ARM
		{BA780F8E-4A0E-4B1F-A365-959B090C8CFB}.Debug|ARM.Build.0 = Debug|ARM
		{BA780F8E-4A0E-4B1F-A365-959B090C8CFB}.Debug|ARM64.ActiveCfg = Debug|ARM64
		{BA780F8E-4A0E-4B1F-A365-959B090C8CFB}.Debug|ARM64.Build.0 = Debug|ARM64
		{BA780F8E-4A0E-4B1F-A365-959B090C8CFB}.Debug|x64.ActiveCfg = Debug|x64
		{BA780F8E-4A0E-4B1F-A365-959B090C8CFB}.Debug|x64.Build.0 = Debug|x64
		{BA780F8E-4A0E-4B1F-A365-959B090C8CFB}.Debug|x86.ActiveCfg = Debug|Win32
		{BA780F8E-4A0E-4B1F-A365-959B090C8CFB}.Debug|x86.Build.0 = Debug|Win32
		{BA780F8E-4A0E-4B1F-A365-959B090C8CFB}.Release|ARM.ActiveCfg = Release|ARM
		{BA780F8E-4A0E-4B1F-A365-959B090C8CFB}.Release|ARM.Build.0 = Release|ARM
		{BA780F8E-4A0E-4B1F-A365-959B090C8CFB}.Release|ARM64.ActiveCfg = Release|ARM64
		{BA780F8E-4A0E-4B1F-A365-959B090C8CFB}.Release|ARM64.Build.0 = Release|ARM64
		{BA780F8E-4A0E-4B1F-A365-959B090C8CFB}.Release|x64.ActiveCfg = Release|x64
		{BA780F8E-4A0E-4B1F-A365-959B090C8CFB}.Release|x64.Build.0 = Release|x64
		{BA780F8E-4A0E-4B1F-A365-959B090C8CFB}.Release|x86.ActiveCfg = Release|Win32
		{BA780F8E-4A0E-4B1F-A365-959B090C8CFB}.Release|x86.Build.0 = Release|Win32
	EndGlobalSection
	GlobalSection(SolutionProperties) = preSolution
		HideSolutionNode = FALSE
	EndGlobalSection
	GlobalSection(ExtensibilityGlobals) = postSolution
		SolutionGuid = {28C0F554-0EA5-4A95-A663-50C55D371C50}
	EndGlobalSection
EndGlobal
